{
  "name": "be-observing",
  "version": "0.0.5",
  "lockfileVersion": 3,
  "requires": true,
  "packages": {
    "": {
      "name": "be-observing",
      "version": "0.0.5",
      "license": "MIT",
      "dependencies": {
        "be-hive": "0.1.15",
        "inferencer": "0.0.13",
        "mount-observer": "0.1.40",
        "nested-regex-groups": "0.0.7",
        "roundabout-lib": "0.0.21"
      },
      "devDependencies": {
        "@playwright/test": "1.60.0",
        "be-eventing": "0.0.5",
        "spa-ssi": "0.0.27"
      }
    },
    "node_modules/@playwright/test": {
      "version": "1.60.0",
      "resolved": "https://registry.npmjs.org/@playwright/test/-/test-1.60.0.tgz",
      "integrity": "sha512-O71yZIbAh/PxDMNGns37GHBIfrVkEVyn+AXyIa5dOTfb4/xNvRWV+Vv/NMbNCtODB/pO7vLlF2OTmMVLhmr7Ag==",
      "dev": true,
      "license": "Apache-2.0",
      "dependencies": {
        "playwright": "1.60.0"
      },
      "bin": {
        "playwright": "cli.js"
      },
      "engines": {
        "node": ">=18"
      }
    },
    "node_modules/assign-gingerly": {
      "version": "0.0.51",
      "resolved": "https://registry.npmjs.org/assign-gingerly/-/assign-gingerly-0.0.51.tgz",
      "integrity": "sha512-aHs6TYjhZbzwWJgogOK+3dpbuz7gk82jn0un1UdVLyobyTD1QZKwYz/nORavD/hsMT4Lcwhe/HO8sbQkkFZ/GQ==",
      "license": "MIT"
    },
    "node_modules/be-eventing": {
      "version": "0.0.5",
      "resolved": "https://registry.npmjs.org/be-eventing/-/be-eventing-0.0.5.tgz",
      "integrity": "sha512-id+/XBwhPdbXOm8npTQIfQ2wB+dXGJptXUD2uEvxVne9R/eykg1p3QzboyvqcXiIIQsC/ltkYL1kyIvM/e96aQ==",
      "dev": true,
      "license": "MIT",
      "dependencies": {
        "be-enhanced": "0.0.160",
        "be-hive": "0.0.240",
        "mount-observer": "0.0.39",
        "trans-render": "0.0.870"
      }
    },
    "node_modules/be-eventing/node_modules/be-enhanced": {
      "version": "0.0.160",
      "resolved": "https://registry.npmjs.org/be-enhanced/-/be-enhanced-0.0.160.tgz",
      "integrity": "sha512-qnTjs666v6+LGkXSNzz5DuV5qjdNr5ZaOUQMJWAj8zGVnsVi4BOVR1rToSNFnroErC5L+f63XfAjxD+lwwfwsQ==",
      "dev": true,
      "license": "MIT",
      "dependencies": {
        "trans-render": "0.0.870"
      }
    },
    "node_modules/be-eventing/node_modules/be-hive": {
      "version": "0.0.240",
      "resolved": "https://registry.npmjs.org/be-hive/-/be-hive-0.0.240.tgz",
      "integrity": "sha512-y49iKUnx0RuODCzoqt7ezuuUdcc/sqSyu39aJBOA21f51bMtOEkmAv3OuOCuJ8v3bS+W4A9HQOvyCuVWRjZEvg==",
      "dev": true,
      "license": "MIT",
      "dependencies": {
        "be-enhanced": "0.0.159",
        "mount-observer": "0.0.39",
        "trans-render": "0.0.870"
      }
    },
    "node_modules/be-eventing/node_modules/be-hive/node_modules/be-enhanced": {
      "version": "0.0.159",
      "resolved": "https://registry.npmjs.org/be-enhanced/-/be-enhanced-0.0.159.tgz",
      "integrity": "sha512-Gl1x+yyoluN0spruGSq/pENlDrf6e/ka8onsc39Y06mnZroM8y+O9kepsQwWwug3N/iGj25qXGViWcDGRpanTA==",
      "dev": true,
      "license": "MIT",
      "dependencies": {
        "trans-render": "0.0.868"
      }
    },
    "node_modules/be-eventing/node_modules/be-hive/node_modules/be-enhanced/node_modules/trans-render": {
      "version": "0.0.868",
      "resolved": "https://registry.npmjs.org/trans-render/-/trans-render-0.0.868.tgz",
      "integrity": "sha512-M/KqwE/pFApeccQFQeHpQQMbIEpLB5NQqDmS1YKpSjKxdLKemf8CK3Exqq2omtQZCBxJHFy+H0cj5CROEkOA8w==",
      "dev": true,
      "license": "MIT",
      "dependencies": {
        "mount-observer": "0.0.39"
      }
    },
    "node_modules/be-eventing/node_modules/mount-observer": {
      "version": "0.0.39",
      "resolved": "https://registry.npmjs.org/mount-observer/-/mount-observer-0.0.39.tgz",
      "integrity": "sha512-iyoMdQAE4luZfgXDf4zO6hiLd33w8tRAIdpJZVu30UAH2pwysjAqZOuPP0/fbcBUH3JBY6jVE8WlNHfc11gjNA==",
      "dev": true,
      "license": "MIT"
    },
    "node_modules/be-eventing/node_modules/trans-render": {
      "version": "0.0.870",
      "resolved": "https://registry.npmjs.org/trans-render/-/trans-render-0.0.870.tgz",
      "integrity": "sha512-7LF9DdRmjgvWO/8tPHSRKRPE/pB/wtwxdTJqCPFWtNuCxrwEP/i6AmCa+YB3JAYpsCK2VMQ096tKuakNr/cugA==",
      "dev": true,
      "license": "MIT",
      "dependencies": {
        "mount-observer": "0.0.39"
      }
    },
    "node_modules/be-hive": {
      "version": "0.1.15",
      "resolved": "https://registry.npmjs.org/be-hive/-/be-hive-0.1.15.tgz",
      "integrity": "sha512-UjooG7MHQamBElItluoODYmWTr22XAcpe76KyCvxIWn1D9zG3Q2xLyGsJPELsAkQCQhrMENrzx2yTYMIXywKbg==",
      "license": "MIT",
      "dependencies": {
        "mount-observer": "0.1.40",
        "nested-regex-groups": "0.0.6"
      }
    },
    "node_modules/be-hive/node_modules/nested-regex-groups": {
      "version": "0.0.6",
      "resolved": "https://registry.npmjs.org/nested-regex-groups/-/nested-regex-groups-0.0.6.tgz",
      "integrity": "sha512-pRy2Dewg1qNdY4Ur1FwoGUXSRuu8aNn1tSgmgk/2rpZ0JTqPlMOeyoY7/ZF0CdIf5fktCEdHR3NqFWiku9DEqg==",
      "license": "MIT"
    },
    "node_modules/fsevents": {
      "version": "2.3.2",
      "resolved": "https://registry.npmjs.org/fsevents/-/fsevents-2.3.2.tgz",
      "integrity": "sha512-xiqMQR4xAeHTuB9uWm+fFRcIOgKBMiOBP+eXiyT7jsgVCq1bkVygt00oASowB7EdtpOHaaPgKt812P9ab+DDKA==",
      "dev": true,
      "hasInstallScript": true,
      "license": "MIT",
      "optional": true,
      "os": [
        "darwin"
      ],
      "engines": {
        "node": "^8.16.0 || ^10.6.0 || >=11.0.0"
      }
    },
    "node_modules/id-generation": {
      "version": "0.0.5",
      "resolved": "https://registry.npmjs.org/id-generation/-/id-generation-0.0.5.tgz",
      "integrity": "sha512-o0iN5vSj0A8mKOHCvj63RyNXERrCMliaSHWLXvZnXLYZFQ9AMelQkFgP1HAd9eWCyXJiw1p6TPfIrPvY6Om2HQ==",
      "license": "MIT"
    },
    "node_modules/inferencer": {
      "version": "0.0.13",
      "resolved": "https://registry.npmjs.org/inferencer/-/inferencer-0.0.13.tgz",
      "integrity": "sha512-/QfFw4EdV6zE1kISns03oNMP+3+Idmzh4EUy6673pLaPWe9LUX3XpMO8OXuJp+Zyb7K5Gzm3uhPNeOqGxWfspg==",
      "license": "MIT",
      "dependencies": {
        "assign-gingerly": "0.0.51"
      }
    },
    "node_modules/mount-observer": {
      "version": "0.1.40",
      "resolved": "https://registry.npmjs.org/mount-observer/-/mount-observer-0.1.40.tgz",
      "integrity": "sha512-GsMq/N3b4ywEyWrM2BVQ2CAi37qQ8grUAuZCQUnXtXMFJtGsA+of1CgSBsoIkfy1mSNINVjgk8TvQis/Q5r9xg==",
      "license": "MIT",
      "dependencies": {
        "assign-gingerly": "0.0.51",
        "id-generation": "0.0.5"
      }
    },
    "node_modules/nested-regex-groups": {
      "version": "0.0.7",
      "resolved": "https://registry.npmjs.org/nested-regex-groups/-/nested-regex-groups-0.0.7.tgz",
      "integrity": "sha512-tpSFBI/pJn2Tja3weayle2vU+E4ZW9xRGnes1vqRUbD9ifJk9MkFPx2mevbpVWfHM9jO/bDPLVbgViRrEqPXpA==",
      "license": "MIT"
    },
    "node_modules/playwright": {
      "version": "1.60.0",
      "resolved": "https://registry.npmjs.org/playwright/-/playwright-1.60.0.tgz",
      "integrity": "sha512-hheHdokM8cdqCb0lcE3s+zT4t4W+vvjpGxsZlDnikarzx8tSzMebh3UiFtgqwFwnTnjYQcsyMF8ei2mCO/tpeA==",
      "dev": true,
      "license": "Apache-2.0",
      "dependencies": {
        "playwright-core": "1.60.0"
      },
      "bin": {
        "playwright": "cli.js"
      },
      "engines": {
        "node": ">=18"
      },
      "optionalDependencies": {
        "fsevents": "2.3.2"
      }
    },
    "node_modules/playwright-core": {
      "version": "1.60.0",
      "resolved": "https://registry.npmjs.org/playwright-core/-/playwright-core-1.60.0.tgz",
      "integrity": "sha512-9bW6zvX/m0lEbgTKJ6YppOKx8H3VOPBMOCFh2irXFOT4BbHgrx5hPjwJYLT40Lu+4qtD36qKc/Hn56StUW57IA==",
      "dev": true,
      "license": "Apache-2.0",
      "bin": {
        "playwright-core": "cli.js"
      },
      "engines": {
        "node": ">=18"
      }
    },
    "node_modules/roundabout-lib": {
      "version": "0.0.21",
      "resolved": "https://registry.npmjs.org/roundabout-lib/-/roundabout-lib-0.0.21.tgz",
      "integrity": "sha512-2LqoUk6fllejBtgio5EDJQJGpWjVoJz50k6wM7W7M/jCBD7WL0Jk04xMQZ7729euaG8LPyXaifUHyZJ5zWwOxA==",
      "license": "MIT",
      "dependencies": {
        "assign-gingerly": "0.0.51"
      }
    },
    "node_modules/spa-ssi": {
      "version": "0.0.27",
      "resolved": "https://registry.npmjs.org/spa-ssi/-/spa-ssi-0.0.27.tgz",
      "integrity": "sha512-bV/ChmBlGBQLyroDcng/PR5IeH9LokcNxMuoURE0vDy2NNkW7uFVofvQjLpUMW6IdlCACpOEJsAStACz2kB6iA==",
      "dev": true,
      "license": "MIT"
    }
  }
}
