{
  "name": "be-observing",
  "version": "0.0.4",
  "lockfileVersion": 3,
  "requires": true,
  "packages": {
    "": {
      "name": "be-observing",
      "version": "0.0.4",
      "license": "MIT",
      "dependencies": {
        "be-enhanced": "0.0.188",
        "be-hive": "0.0.266",
        "mount-observer": "0.0.102",
        "trans-render": "0.0.959"
      },
      "devDependencies": {
        "@playwright/test": "1.55.1",
        "be-eventing": "0.0.5",
        "spa-ssi": "0.0.23",
        "xtal-element": "0.0.633"
      }
    },
    "node_modules/@playwright/test": {
      "version": "1.55.1",
      "resolved": "https://registry.npmjs.org/@playwright/test/-/test-1.55.1.tgz",
      "integrity": "sha512-IVAh/nOJaw6W9g+RJVlIQJ6gSiER+ae6mKQ5CX1bERzQgbC1VSeBlwdvczT7pxb0GWiyrxH4TGKbMfDb4Sq/ig==",
      "dev": true,
      "license": "Apache-2.0",
      "dependencies": {
        "playwright": "1.55.1"
      },
      "bin": {
        "playwright": "cli.js"
      },
      "engines": {
        "node": ">=18"
      }
    },
    "node_modules/be-enhanced": {
      "version": "0.0.188",
      "resolved": "https://registry.npmjs.org/be-enhanced/-/be-enhanced-0.0.188.tgz",
      "integrity": "sha512-SLi3+JCGxh3bVK4f4c5TxBaPyRtmDjcN0OICXSPXsgLh93FfBwFYwNDgGNSYgBncUYCGcEwUGN11+QyPnIRYEg==",
      "license": "MIT",
      "dependencies": {
        "trans-render": "0.0.958"
      }
    },
    "node_modules/be-enhanced/node_modules/trans-render": {
      "version": "0.0.958",
      "resolved": "https://registry.npmjs.org/trans-render/-/trans-render-0.0.958.tgz",
      "integrity": "sha512-OlPKCCaMcuj3gg4iUrZIyrRQ69wqsi/sEYXxbz5unyQUSb5RfDzHyLPM5Mdok+vf9pX81jAPjIxcVRXtl3WQgQ==",
      "license": "MIT",
      "dependencies": {
        "mount-observer": "0.0.102"
      }
    },
    "node_modules/be-eventing": {
      "version": "0.0.5",
      "resolved": "https://registry.npmjs.org/be-eventing/-/be-eventing-0.0.5.tgz",
      "integrity": "sha512-id+/XBwhPdbXOm8npTQIfQ2wB+dXGJptXUD2uEvxVne9R/eykg1p3QzboyvqcXiIIQsC/ltkYL1kyIvM/e96aQ==",
      "dev": true,
      "license": "MIT",
      "dependencies": {
        "be-enhanced": "0.0.160",
        "be-hive": "0.0.240",
        "mount-observer": "0.0.39",
        "trans-render": "0.0.870"
      }
    },
    "node_modules/be-eventing/node_modules/be-enhanced": {
      "version": "0.0.160",
      "resolved": "https://registry.npmjs.org/be-enhanced/-/be-enhanced-0.0.160.tgz",
      "integrity": "sha512-qnTjs666v6+LGkXSNzz5DuV5qjdNr5ZaOUQMJWAj8zGVnsVi4BOVR1rToSNFnroErC5L+f63XfAjxD+lwwfwsQ==",
      "dev": true,
      "license": "MIT",
      "dependencies": {
        "trans-render": "0.0.870"
      }
    },
    "node_modules/be-eventing/node_modules/be-hive": {
      "version": "0.0.240",
      "resolved": "https://registry.npmjs.org/be-hive/-/be-hive-0.0.240.tgz",
      "integrity": "sha512-y49iKUnx0RuODCzoqt7ezuuUdcc/sqSyu39aJBOA21f51bMtOEkmAv3OuOCuJ8v3bS+W4A9HQOvyCuVWRjZEvg==",
      "dev": true,
      "license": "MIT",
      "dependencies": {
        "be-enhanced": "0.0.159",
        "mount-observer": "0.0.39",
        "trans-render": "0.0.870"
      }
    },
    "node_modules/be-eventing/node_modules/be-hive/node_modules/be-enhanced": {
      "version": "0.0.159",
      "resolved": "https://registry.npmjs.org/be-enhanced/-/be-enhanced-0.0.159.tgz",
      "integrity": "sha512-Gl1x+yyoluN0spruGSq/pENlDrf6e/ka8onsc39Y06mnZroM8y+O9kepsQwWwug3N/iGj25qXGViWcDGRpanTA==",
      "dev": true,
      "license": "MIT",
      "dependencies": {
        "trans-render": "0.0.868"
      }
    },
    "node_modules/be-eventing/node_modules/be-hive/node_modules/be-enhanced/node_modules/trans-render": {
      "version": "0.0.868",
      "resolved": "https://registry.npmjs.org/trans-render/-/trans-render-0.0.868.tgz",
      "integrity": "sha512-M/KqwE/pFApeccQFQeHpQQMbIEpLB5NQqDmS1YKpSjKxdLKemf8CK3Exqq2omtQZCBxJHFy+H0cj5CROEkOA8w==",
      "dev": true,
      "license": "MIT",
      "dependencies": {
        "mount-observer": "0.0.39"
      }
    },
    "node_modules/be-eventing/node_modules/mount-observer": {
      "version": "0.0.39",
      "resolved": "https://registry.npmjs.org/mount-observer/-/mount-observer-0.0.39.tgz",
      "integrity": "sha512-iyoMdQAE4luZfgXDf4zO6hiLd33w8tRAIdpJZVu30UAH2pwysjAqZOuPP0/fbcBUH3JBY6jVE8WlNHfc11gjNA==",
      "dev": true,
      "license": "MIT"
    },
    "node_modules/be-eventing/node_modules/trans-render": {
      "version": "0.0.870",
      "resolved": "https://registry.npmjs.org/trans-render/-/trans-render-0.0.870.tgz",
      "integrity": "sha512-7LF9DdRmjgvWO/8tPHSRKRPE/pB/wtwxdTJqCPFWtNuCxrwEP/i6AmCa+YB3JAYpsCK2VMQ096tKuakNr/cugA==",
      "dev": true,
      "license": "MIT",
      "dependencies": {
        "mount-observer": "0.0.39"
      }
    },
    "node_modules/be-hive": {
      "version": "0.0.266",
      "resolved": "https://registry.npmjs.org/be-hive/-/be-hive-0.0.266.tgz",
      "integrity": "sha512-LVlmW4KJrYghpF2cxHEZl+QjGBkM3ZQlXUsOoKhnI4ExpDLJHWW7uwXyjpT0OYDeqTzaMvoJAD5YS0mXxXjpRA==",
      "license": "MIT",
      "dependencies": {
        "be-enhanced": "0.0.188",
        "mount-observer": "0.0.102",
        "trans-render": "0.0.958"
      }
    },
    "node_modules/be-hive/node_modules/trans-render": {
      "version": "0.0.958",
      "resolved": "https://registry.npmjs.org/trans-render/-/trans-render-0.0.958.tgz",
      "integrity": "sha512-OlPKCCaMcuj3gg4iUrZIyrRQ69wqsi/sEYXxbz5unyQUSb5RfDzHyLPM5Mdok+vf9pX81jAPjIxcVRXtl3WQgQ==",
      "license": "MIT",
      "dependencies": {
        "mount-observer": "0.0.102"
      }
    },
    "node_modules/blow-dry": {
      "version": "0.0.11",
      "resolved": "https://registry.npmjs.org/blow-dry/-/blow-dry-0.0.11.tgz",
      "integrity": "sha512-GJC9OTEDQRti0mlAZ2tHPRyDOod2pr7ZXa08Ze9MM/cQ+fFDXOdArL9H08/R7Xnftb/rNBIUE4gBFOZulGynYw==",
      "dev": true,
      "license": "MIT"
    },
    "node_modules/fsevents": {
      "version": "2.3.2",
      "resolved": "https://registry.npmjs.org/fsevents/-/fsevents-2.3.2.tgz",
      "integrity": "sha512-xiqMQR4xAeHTuB9uWm+fFRcIOgKBMiOBP+eXiyT7jsgVCq1bkVygt00oASowB7EdtpOHaaPgKt812P9ab+DDKA==",
      "dev": true,
      "hasInstallScript": true,
      "license": "MIT",
      "optional": true,
      "os": [
        "darwin"
      ],
      "engines": {
        "node": "^8.16.0 || ^10.6.0 || >=11.0.0"
      }
    },
    "node_modules/mount-observer": {
      "version": "0.0.102",
      "resolved": "https://registry.npmjs.org/mount-observer/-/mount-observer-0.0.102.tgz",
      "integrity": "sha512-nq10psatsKhYwe5Ps8shSmMwMxlpQCMQbOVVtCPWLDOgwtFnUwFmey8N0XpGck3wC6M0Q8INlF/Wl2zFD0y0tg==",
      "license": "MIT"
    },
    "node_modules/playwright": {
      "version": "1.55.1",
      "resolved": "https://registry.npmjs.org/playwright/-/playwright-1.55.1.tgz",
      "integrity": "sha512-cJW4Xd/G3v5ovXtJJ52MAOclqeac9S/aGGgRzLabuF8TnIb6xHvMzKIa6JmrRzUkeXJgfL1MhukP0NK6l39h3A==",
      "dev": true,
      "license": "Apache-2.0",
      "dependencies": {
        "playwright-core": "1.55.1"
      },
      "bin": {
        "playwright": "cli.js"
      },
      "engines": {
        "node": ">=18"
      },
      "optionalDependencies": {
        "fsevents": "2.3.2"
      }
    },
    "node_modules/playwright-core": {
      "version": "1.55.1",
      "resolved": "https://registry.npmjs.org/playwright-core/-/playwright-core-1.55.1.tgz",
      "integrity": "sha512-Z6Mh9mkwX+zxSlHqdr5AOcJnfp+xUWLCt9uKV18fhzA8eyxUd8NUWzAjxUh55RZKSYwDGX0cfaySdhZJGMoJ+w==",
      "dev": true,
      "license": "Apache-2.0",
      "bin": {
        "playwright-core": "cli.js"
      },
      "engines": {
        "node": ">=18"
      }
    },
    "node_modules/spa-ssi": {
      "version": "0.0.23",
      "resolved": "https://registry.npmjs.org/spa-ssi/-/spa-ssi-0.0.23.tgz",
      "integrity": "sha512-lNsSvh0TR67srLVxmPuc5nfI944fZNdrppG6ZqF19K+F5QQfVng/hfZLYQygwFljtD/ah7oPY7xG7os+FzyYwQ==",
      "dev": true,
      "license": "MIT"
    },
    "node_modules/trans-render": {
      "version": "0.0.959",
      "resolved": "https://registry.npmjs.org/trans-render/-/trans-render-0.0.959.tgz",
      "integrity": "sha512-ttw1Fy2n/bXnTEEErx5j1XPJKMl2/lC9Lvt4FLg5e08JwBthGtNKhKDc+okhMm5FuBG9UlJv35e5AL1uPLx2Cw==",
      "license": "MIT",
      "dependencies": {
        "mount-observer": "0.0.102"
      }
    },
    "node_modules/xtal-element": {
      "version": "0.0.633",
      "resolved": "https://registry.npmjs.org/xtal-element/-/xtal-element-0.0.633.tgz",
      "integrity": "sha512-mblPg+Xtz6gSI2+yLXVdhnSLki1jc9VDBhH6S9V1zx1/CAR85Lg7VCccvwErBRWAriaoSCVPTTkwxB5X/lc6AQ==",
      "dev": true,
      "license": "MIT",
      "dependencies": {
        "blow-dry": "0.0.11",
        "trans-render": "0.0.958"
      }
    },
    "node_modules/xtal-element/node_modules/trans-render": {
      "version": "0.0.958",
      "resolved": "https://registry.npmjs.org/trans-render/-/trans-render-0.0.958.tgz",
      "integrity": "sha512-OlPKCCaMcuj3gg4iUrZIyrRQ69wqsi/sEYXxbz5unyQUSb5RfDzHyLPM5Mdok+vf9pX81jAPjIxcVRXtl3WQgQ==",
      "dev": true,
      "license": "MIT",
      "dependencies": {
        "mount-observer": "0.0.102"
      }
    }
  }
}
